
Microsoft Visual Studio Solution File, Format Version 12.00
# Visual Studio 14
VisualStudioVersion = 14.0.25420.1
MinimumVisualStudioVersion = 10.0.40219.1
Project("{2150E333-8FDC-42A3-9474-1A3956D46DE8}") = "src", "src", "{91073BF1-187C-420D-ACE1-40D705F2318B}"
EndProject
Project("{2150E333-8FDC-42A3-9474-1A3956D46DE8}") = "Solution Items", "Solution Items", "{18CDAE95-DCE8-4F5D-B40C-04ADDF55865D}"
	ProjectSection(SolutionItems) = preProject
		appveyor.cmd = appveyor.cmd
		appveyor.yml = appveyor.yml
		global.json = global.json
		nuget.config = nuget.config
		UserService.System.props = UserService.System.props
	EndProjectSection
EndProject
Project("{8BB2217D-0F2D-49D1-97BC-3654ED321F3B}") = "AppSyndication.UserService.Web", "src\AppSyndication.UserService.Web\AppSyndication.UserService.Web.xproj", "{367EF49F-8E33-4A3B-9B37-272647B8D27F}"
EndProject
Project("{8BB2217D-0F2D-49D1-97BC-3654ED321F3B}") = "AppSyndication.UserService.Model", "src\AppSyndication.UserService.Model\AppSyndication.UserService.Model.xproj", "{999735E2-459C-47E2-AC2E-7F5330BD34DD}"
EndProject
Project("{8BB2217D-0F2D-49D1-97BC-3654ED321F3B}") = "AppSyndication.Shared.Model", "..\Shared\src\AppSyndication.Shared.Model\AppSyndication.Shared.Model.xproj", "{DF279011-EE93-4974-8675-2BF98BED9E49}"
EndProject
Global
	GlobalSection(SolutionConfigurationPlatforms) = preSolution
		Debug|Any CPU = Debug|Any CPU
		Release|Any CPU = Release|Any CPU
	EndGlobalSection
	GlobalSection(ProjectConfigurationPlatforms) = postSolution
		{367EF49F-8E33-4A3B-9B37-272647B8D27F}.Debug|Any CPU.ActiveCfg = Debug|Any CPU
		{367EF49F-8E33-4A3B-9B37-272647B8D27F}.Debug|Any CPU.Build.0 = Debug|Any CPU
		{367EF49F-8E33-4A3B-9B37-272647B8D27F}.Release|Any CPU.ActiveCfg = Release|Any CPU
		{367EF49F-8E33-4A3B-9B37-272647B8D27F}.Release|Any CPU.Build.0 = Release|Any CPU
		{999735E2-459C-47E2-AC2E-7F5330BD34DD}.Debug|Any CPU.ActiveCfg = Debug|Any CPU
		{999735E2-459C-47E2-AC2E-7F5330BD34DD}.Debug|Any CPU.Build.0 = Debug|Any CPU
		{999735E2-459C-47E2-AC2E-7F5330BD34DD}.Release|Any CPU.ActiveCfg = Release|Any CPU
		{999735E2-459C-47E2-AC2E-7F5330BD34DD}.Release|Any CPU.Build.0 = Release|Any CPU
		{DF279011-EE93-4974-8675-2BF98BED9E49}.Debug|Any CPU.ActiveCfg = Debug|Any CPU
		{DF279011-EE93-4974-8675-2BF98BED9E49}.Debug|Any CPU.Build.0 = Debug|Any CPU
		{DF279011-EE93-4974-8675-2BF98BED9E49}.Release|Any CPU.ActiveCfg = Release|Any CPU
		{DF279011-EE93-4974-8675-2BF98BED9E49}.Release|Any CPU.Build.0 = Release|Any CPU
	EndGlobalSection
	GlobalSection(SolutionProperties) = preSolution
		HideSolutionNode = FALSE
	EndGlobalSection
	GlobalSection(NestedProjects) = preSolution
		{367EF49F-8E33-4A3B-9B37-272647B8D27F} = {91073BF1-187C-420D-ACE1-40D705F2318B}
		{999735E2-459C-47E2-AC2E-7F5330BD34DD} = {91073BF1-187C-420D-ACE1-40D705F2318B}
	EndGlobalSection
EndGlobal
